<Solution>
  <Folder Name="/src/">
    <Project Path="src/Api/Api.csproj" />
  </Folder>
  <Folder Name="/src/BuildingBlocks/">
    <Project Path="src/BuildingBlocks/BuildingBlocks.CQRS/BuildingBlocks.CQRS.csproj" />
    <Project Path="src/BuildingBlocks/BuildingBlocks.EventBus.RabbitMQ/BuildingBlocks.EventBus.RabbitMQ.csproj" />
    <Project Path="src/BuildingBlocks/BuildingBlocks.EventBus/BuildingBlocks.EventBus.csproj" />
    <Project Path="src/BuildingBlocks/BuildingBlocks.Kernel.Domain/BuildingBlocks.Kernel.Domain.csproj" />
    <Project Path="src/BuildingBlocks/BuildingBlocks.Logger/BuildingBlocks.Logger.csproj" />
    <Project Path="src/BuildingBlocks/BuildingBlocks.ServiceDefaults/BuildingBlocks.ServiceDefaults.csproj" />
  </Folder>
  <Folder Name="/src/Modules/" />
  <Folder Name="/src/Modules/AiProcessing/">
    <Project Path="src/Modules/AiProcessing/AiProcessing.Application/AiProcessing.Application.csproj" />
    <Project Path="src/Modules/AiProcessing/AiProcessing.Contracts/AiProcessing.Contracts.csproj" />
    <Project Path="src/Modules/AiProcessing/AiProcessing.Domain/AiProcessing.Domain.csproj" />
    <Project Path="src/Modules/AiProcessing/AiProcessing.Infrastructure/AiProcessing.Infrastructure.csproj" />
  </Folder>
  <Folder Name="/src/Modules/Audit/">
    <Project Path="src/Modules/Audit/Audit.Application/Audit.Application.csproj" />
    <Project Path="src/Modules/Audit/Audit.Contracts/Audit.Contracts.csproj" />
    <Project Path="src/Modules/Audit/Audit.Domain/Audit.Domain.csproj" />
    <Project Path="src/Modules/Audit/Audit.Infrastructure/Audit.Infrastructure.csproj" />
  </Folder>
  <Folder Name="/src/Modules/Documents/">
    <Project Path="src/Modules/Documents/Documents.Application/Documents.Application.csproj" />
    <Project Path="src/Modules/Documents/Documents.Contracts/Documents.Contracts.csproj" />
    <Project Path="src/Modules/Documents/Documents.Domain/Documents.Domain.csproj" />
    <Project Path="src/Modules/Documents/Documents.Infrastructure/Documents.Infrastructure.csproj" />
  </Folder>
  <Folder Name="/src/Modules/Identity/">
    <Project Path="src/Modules/Identity/Identity.Application/Identity.Application.csproj" />
    <Project Path="src/Modules/Identity/Identity.Contracts/Identity.Contracts.csproj" />
    <Project Path="src/Modules/Identity/Identity.Domain/Identity.Domain.csproj" />
    <Project Path="src/Modules/Identity/Identity.Infrastructure/Identity.Infrastructure.csproj" />
  </Folder>
  <Folder Name="/src/Modules/Metrics/">
    <Project Path="src/Modules/Metrics/Metrics.Application/Metrics.Application.csproj" />
    <Project Path="src/Modules/Metrics/Metrics.Contracts/Metrics.Contracts.csproj" />
    <Project Path="src/Modules/Metrics/Metrics.Domain/Metrics.Domain.csproj" />
    <Project Path="src/Modules/Metrics/Metrics.Infrastructure/Metrics.Infrastructure.csproj" />
  </Folder>
  <Folder Name="/src/Modules/Notifications/">
    <Project Path="src/Modules/Notifications/Notifications.Application/Notifications.Application.csproj" />
    <Project Path="src/Modules/Notifications/Notifications.Contracts/Notifications.Contracts.csproj" />
    <Project Path="src/Modules/Notifications/Notifications.Domain/Notifications.Domain.csproj" />
    <Project Path="src/Modules/Notifications/Notifications.Infrastructure/Notifications.Infrastructure.csproj" />
  </Folder>
  <Folder Name="/src/Modules/Organization/">
    <Project Path="src/Modules/Organization/Organization.Application/Organization.Application.csproj" />
    <Project Path="src/Modules/Organization/Organization.Contracts/Organization.Contracts.csproj" />
    <Project Path="src/Modules/Organization/Organization.Domain/Organization.Domain.csproj" />
    <Project Path="src/Modules/Organization/Organization.Infrastructure/Organization.Infrastructure.csproj" />
  </Folder>
  <Folder Name="/src/Modules/Projects/">
    <Project Path="src/Modules/Projects/Projects.Application/Projects.Application.csproj" />
    <Project Path="src/Modules/Projects/Projects.Contracts/Projects.Contracts.csproj" />
    <Project Path="src/Modules/Projects/Projects.Domain/Projects.Domain.csproj" />
    <Project Path="src/Modules/Projects/Projects.Infrastructure/Projects.Infrastructure.csproj" />
  </Folder>
  <Folder Name="/tests/">
    <Project Path="tests/AiProcessing.Tests/AiProcessing.Tests.csproj" />
    <Project Path="tests/Architecture/Architecture.csproj" />
    <Project Path="tests/Audit.Tests/Audit.Tests.csproj" />
    <Project Path="tests/Documents.Tests/Documents.Tests.csproj" />
    <Project Path="tests/Metrics.Tests/Metrics.Tests.csproj" />
    <Project Path="tests/Organization.Tests/Organization.Tests.csproj" />
    <Project Path="tests/Projects.Tests/Projects.Tests.csproj" />
  </Folder>
  <Project Path="OroKanban.AppHost/OroKanban.AppHost.csproj" />
</Solution>
